github.com/ramsng/sub02 v0.0.0-20240104063154-d721adcc95ee h1:HQTOWHOph8UgtqGlucBUwVHN1eZg+4ipxFP3kj3Qrrc=
github.com/ramsng/sub02 v0.0.0-20240104063154-d721adcc95ee/go.mod h1:lquDwpvIUDNwJB+QbIS15tSMLtcbSc0jOxRE8FF/keo=
github.com/ramsng/sub02 v0.0.0-20240106190721-3e3dca1aa817 h1:W67QNwpI+r8buVqb8D/ApNvClQ2hGA7QJgeY2zlIkfY=
github.com/ramsng/sub02 v0.0.0-20240106190721-3e3dca1aa817/go.mod h1:lquDwpvIUDNwJB+QbIS15tSMLtcbSc0jOxRE8FF/keo=
github.com/ramsng/sub02 v0.0.0-20240106193659-eb953661b1c2 h1:tOqYC2E2sWxcyvdbZKZT2LLqByuSOdFtfQFhkGinVpY=
github.com/ramsng/sub02 v0.0.0-20240106193659-eb953661b1c2/go.mod h1:lquDwpvIUDNwJB+QbIS15tSMLtcbSc0jOxRE8FF/keo=
